// !$*UTF8*$!
{
	archiveVersion = 1;
	classes = {
	};
	objectVersion = 54;
	objects = {

/* Begin PBXBuildFile section */
		2856952C2065D52F00EF208C /* AppDelegate.swift in Sources */ = {isa = PBXBuildFile; fileRef = 2856952B2065D52F00EF208C /* AppDelegate.swift */; };
		2856952E2065D52F00EF208C /* ViewController.swift in Sources */ = {isa = PBXBuildFile; fileRef = 2856952D2065D52F00EF208C /* ViewController.swift */; };
		285695312065D52F00EF208C /* Main.storyboard in Resources */ = {isa = PBXBuildFile; fileRef = 2856952F2065D52F00EF208C /* Main.storyboard */; };
		285695332065D52F00EF208C /* Assets.xcassets in Resources */ = {isa = PBXBuildFile; fileRef = 285695322065D52F00EF208C /* Assets.xcassets */; };
		285695362065D52F00EF208C /* LaunchScreen.storyboard in Resources */ = {isa = PBXBuildFile; fileRef = 285695342065D52F00EF208C /* LaunchScreen.storyboard */; };
		288FF80E206DB2BC000932BA /* README.md in Resources */ = {isa = PBXBuildFile; fileRef = 288FF80D206DB2BC000932BA /* README.md */; };
		28BD25A8208EA804005FA3FB /* Utilities.swift in Sources */ = {isa = PBXBuildFile; fileRef = 28BD25A7208EA804005FA3FB /* Utilities.swift */; };
		C72AECB52C120FD300FC4B91 /* opencv2.framework in Frameworks */ = {isa = PBXBuildFile; fileRef = C784748B2C10F9B900635F67 /* opencv2.framework */; };
		C72AECB62C120FD300FC4B91 /* opencv2.framework in Embed Frameworks */ = {isa = PBXBuildFile; fileRef = C784748B2C10F9B900635F67 /* opencv2.framework */; settings = {ATTRIBUTES = (CodeSignOnCopy, RemoveHeadersOnCopy, ); }; };
		C7554F9B2C4EADE7002A075B /* PythonKit in Frameworks */ = {isa = PBXBuildFile; productRef = C7554F9A2C4EADE7002A075B /* PythonKit */; };
		C78474912C10F9DF00635F67 /* CV.m in Sources */ = {isa = PBXBuildFile; fileRef = C784748D2C10F9DF00635F67 /* CV.m */; };
		C78474922C10F9DF00635F67 /* OpenCVWrapper.mm in Sources */ = {isa = PBXBuildFile; fileRef = C784748F2C10F9DF00635F67 /* OpenCVWrapper.mm */; };
		C7B342A42C5402D8007C873A /* SceneKit Asset Catalog.scnassets in Resources */ = {isa = PBXBuildFile; fileRef = C7B342A32C5402D8007C873A /* SceneKit Asset Catalog.scnassets */; };
		C7E754472C123BAE00579588 /* AssetsLibrary.framework in Frameworks */ = {isa = PBXBuildFile; fileRef = C7E754462C123BAE00579588 /* AssetsLibrary.framework */; };
		C7E754492C123BB700579588 /* CoreGraphics.framework in Frameworks */ = {isa = PBXBuildFile; fileRef = C7E754482C123BB700579588 /* CoreGraphics.framework */; };
		C7E7544B2C123BBF00579588 /* CoreMedia.framework in Frameworks */ = {isa = PBXBuildFile; fileRef = C7E7544A2C123BBF00579588 /* CoreMedia.framework */; };
		C7E7544D2C123BC700579588 /* CoreFoundation.framework in Frameworks */ = {isa = PBXBuildFile; fileRef = C7E7544C2C123BC700579588 /* CoreFoundation.framework */; };
		C7E7544F2C123BCF00579588 /* Accelerate.framework in Frameworks */ = {isa = PBXBuildFile; fileRef = C7E7544E2C123BCF00579588 /* Accelerate.framework */; };
/* End PBXBuildFile section */

/* Begin PBXCopyFilesBuildPhase section */
		C72AECB72C120FD300FC4B91 /* Embed Frameworks */ = {
			isa = PBXCopyFilesBuildPhase;
			buildActionMask = 2147483647;
			dstPath = "";
			dstSubfolderSpec = 10;
			files = (
				C72AECB62C120FD300FC4B91 /* opencv2.framework in Embed Frameworks */,
			);
			name = "Embed Frameworks";
			runOnlyForDeploymentPostprocessing = 0;
		};
/* End PBXCopyFilesBuildPhase section */

/* Begin PBXFileReference section */
		177A64375EDEE7E4932FD7AE /* SampleCode.xcconfig */ = {isa = PBXFileReference; lastKnownFileType = text.xcconfig; name = SampleCode.xcconfig; path = Configuration/SampleCode.xcconfig; sourceTree = "<group>"; };
		285695282065D52E00EF208C /* VisionBasics.app */ = {isa = PBXFileReference; explicitFileType = wrapper.application; includeInIndex = 0; path = VisionBasics.app; sourceTree = BUILT_PRODUCTS_DIR; };
		2856952B2065D52F00EF208C /* AppDelegate.swift */ = {isa = PBXFileReference; lastKnownFileType = sourcecode.swift; path = AppDelegate.swift; sourceTree = "<group>"; };
		2856952D2065D52F00EF208C /* ViewController.swift */ = {isa = PBXFileReference; lastKnownFileType = sourcecode.swift; path = ViewController.swift; sourceTree = "<group>"; };
		285695302065D52F00EF208C /* Base */ = {isa = PBXFileReference; lastKnownFileType = file.storyboard; name = Base; path = Base.lproj/Main.storyboard; sourceTree = "<group>"; };
		285695322065D52F00EF208C /* Assets.xcassets */ = {isa = PBXFileReference; lastKnownFileType = folder.assetcatalog; path = Assets.xcassets; sourceTree = "<group>"; };
		285695352065D52F00EF208C /* Base */ = {isa = PBXFileReference; lastKnownFileType = file.storyboard; name = Base; path = Base.lproj/LaunchScreen.storyboard; sourceTree = "<group>"; };
		285695372065D52F00EF208C /* Info.plist */ = {isa = PBXFileReference; lastKnownFileType = text.plist.xml; path = Info.plist; sourceTree = "<group>"; };
		288FF80D206DB2BC000932BA /* README.md */ = {isa = PBXFileReference; fileEncoding = 4; lastKnownFileType = net.daringfireball.markdown; path = README.md; sourceTree = "<group>"; };
		28BD25A7208EA804005FA3FB /* Utilities.swift */ = {isa = PBXFileReference; lastKnownFileType = sourcecode.swift; path = Utilities.swift; sourceTree = "<group>"; };
		C784748B2C10F9B900635F67 /* opencv2.framework */ = {isa = PBXFileReference; lastKnownFileType = wrapper.framework; path = opencv2.framework; sourceTree = "<group>"; };
		C784748D2C10F9DF00635F67 /* CV.m */ = {isa = PBXFileReference; fileEncoding = 4; lastKnownFileType = sourcecode.c.objc; path = CV.m; sourceTree = "<group>"; };
		C784748E2C10F9DF00635F67 /* OpenCVWrapper.h */ = {isa = PBXFileReference; fileEncoding = 4; lastKnownFileType = sourcecode.c.h; path = OpenCVWrapper.h; sourceTree = "<group>"; };
		C784748F2C10F9DF00635F67 /* OpenCVWrapper.mm */ = {isa = PBXFileReference; fileEncoding = 4; lastKnownFileType = sourcecode.cpp.objcpp; path = OpenCVWrapper.mm; sourceTree = "<group>"; };
		C78474902C10F9DF00635F67 /* VisionBasics-Bridging-Header.h */ = {isa = PBXFileReference; fileEncoding = 4; lastKnownFileType = sourcecode.c.h; path = "VisionBasics-Bridging-Header.h"; sourceTree = "<group>"; };
		C7B342A32C5402D8007C873A /* SceneKit Asset Catalog.scnassets */ = {isa = PBXFileReference; lastKnownFileType = wrapper.scnassets; path = "SceneKit Asset Catalog.scnassets"; sourceTree = "<group>"; };
		C7E754462C123BAE00579588 /* AssetsLibrary.framework */ = {isa = PBXFileReference; lastKnownFileType = wrapper.framework; name = AssetsLibrary.framework; path = System/Library/Frameworks/AssetsLibrary.framework; sourceTree = SDKROOT; };
		C7E754482C123BB700579588 /* CoreGraphics.framework */ = {isa = PBXFileReference; lastKnownFileType = wrapper.framework; name = CoreGraphics.framework; path = System/Library/Frameworks/CoreGraphics.framework; sourceTree = SDKROOT; };
		C7E7544A2C123BBF00579588 /* CoreMedia.framework */ = {isa = PBXFileReference; lastKnownFileType = wrapper.framework; name = CoreMedia.framework; path = System/Library/Frameworks/CoreMedia.framework; sourceTree = SDKROOT; };
		C7E7544C2C123BC700579588 /* CoreFoundation.framework */ = {isa = PBXFileReference; lastKnownFileType = wrapper.framework; name = CoreFoundation.framework; path = System/Library/Frameworks/CoreFoundation.framework; sourceTree = SDKROOT; };
		C7E7544E2C123BCF00579588 /* Accelerate.framework */ = {isa = PBXFileReference; lastKnownFileType = wrapper.framework; name = Accelerate.framework; path = System/Library/Frameworks/Accelerate.framework; sourceTree = SDKROOT; };
		C7E754502C123C6B00579588 /* PrefixHeader.pch */ = {isa = PBXFileReference; lastKnownFileType = sourcecode.c.h; path = PrefixHeader.pch; sourceTree = "<group>"; };
		F6F4FAA1D02B495029E9667C /* LICENSE.txt */ = {isa = PBXFileReference; includeInIndex = 1; lastKnownFileType = text; path = LICENSE.txt; sourceTree = "<group>"; };
/* End PBXFileReference section */

/* Begin PBXFrameworksBuildPhase section */
		285695252065D52E00EF208C /* Frameworks */ = {
			isa = PBXFrameworksBuildPhase;
			buildActionMask = 2147483647;
			files = (
				C7E7544F2C123BCF00579588 /* Accelerate.framework in Frameworks */,
				C7E7544D2C123BC700579588 /* CoreFoundation.framework in Frameworks */,
				C7E7544B2C123BBF00579588 /* CoreMedia.framework in Frameworks */,
				C7E754492C123BB700579588 /* CoreGraphics.framework in Frameworks */,
				C7E754472C123BAE00579588 /* AssetsLibrary.framework in Frameworks */,
				C7554F9B2C4EADE7002A075B /* PythonKit in Frameworks */,
				C72AECB52C120FD300FC4B91 /* opencv2.framework in Frameworks */,
			);
			runOnlyForDeploymentPostprocessing = 0;
		};
/* End PBXFrameworksBuildPhase section */

/* Begin PBXGroup section */
		2856951F2065D52E00EF208C = {
			isa = PBXGroup;
			children = (
				C7B342A32C5402D8007C873A /* SceneKit Asset Catalog.scnassets */,
				C7E754502C123C6B00579588 /* PrefixHeader.pch */,
				288FF80D206DB2BC000932BA /* README.md */,
				C784748B2C10F9B900635F67 /* opencv2.framework */,
				2856952A2065D52E00EF208C /* VisionBasics */,
				285695292065D52E00EF208C /* Products */,
				4D36693FE6EA6BB7BDF7131F /* Configuration */,
				E8B8E7B7C8E4561E32D7DB9C /* LICENSE */,
				C7E754452C123BAE00579588 /* Frameworks */,
			);
			sourceTree = "<group>";
		};
		285695292065D52E00EF208C /* Products */ = {
			isa = PBXGroup;
			children = (
				285695282065D52E00EF208C /* VisionBasics.app */,
			);
			name = Products;
			sourceTree = "<group>";
		};
		2856952A2065D52E00EF208C /* VisionBasics */ = {
			isa = PBXGroup;
			children = (
				2856952B2065D52F00EF208C /* AppDelegate.swift */,
				28BD25A7208EA804005FA3FB /* Utilities.swift */,
				2856952D2065D52F00EF208C /* ViewController.swift */,
				C784748D2C10F9DF00635F67 /* CV.m */,
				C784748E2C10F9DF00635F67 /* OpenCVWrapper.h */,
				C784748F2C10F9DF00635F67 /* OpenCVWrapper.mm */,
				C78474902C10F9DF00635F67 /* VisionBasics-Bridging-Header.h */,
				2856952F2065D52F00EF208C /* Main.storyboard */,
				285695322065D52F00EF208C /* Assets.xcassets */,
				285695342065D52F00EF208C /* LaunchScreen.storyboard */,
				285695372065D52F00EF208C /* Info.plist */,
			);
			path = VisionBasics;
			sourceTree = "<group>";
		};
		4D36693FE6EA6BB7BDF7131F /* Configuration */ = {
			isa = PBXGroup;
			children = (
				177A64375EDEE7E4932FD7AE /* SampleCode.xcconfig */,
			);
			name = Configuration;
			sourceTree = "<group>";
		};
		C7E754452C123BAE00579588 /* Frameworks */ = {
			isa = PBXGroup;
			children = (
				C7E7544E2C123BCF00579588 /* Accelerate.framework */,
				C7E7544C2C123BC700579588 /* CoreFoundation.framework */,
				C7E7544A2C123BBF00579588 /* CoreMedia.framework */,
				C7E754482C123BB700579588 /* CoreGraphics.framework */,
				C7E754462C123BAE00579588 /* AssetsLibrary.framework */,
			);
			name = Frameworks;
			sourceTree = "<group>";
		};
		E8B8E7B7C8E4561E32D7DB9C /* LICENSE */ = {
			isa = PBXGroup;
			children = (
				F6F4FAA1D02B495029E9667C /* LICENSE.txt */,
			);
			path = LICENSE;
			sourceTree = "<group>";
		};
/* End PBXGroup section */

/* Begin PBXNativeTarget section */
		285695272065D52E00EF208C /* VisionBasics */ = {
			isa = PBXNativeTarget;
			buildConfigurationList = 2856953A2065D52F00EF208C /* Build configuration list for PBXNativeTarget "VisionBasics" */;
			buildPhases = (
				285695242065D52E00EF208C /* Sources */,
				285695252065D52E00EF208C /* Frameworks */,
				285695262065D52E00EF208C /* Resources */,
				C72AECB72C120FD300FC4B91 /* Embed Frameworks */,
			);
			buildRules = (
			);
			dependencies = (
			);
			name = VisionBasics;
			packageProductDependencies = (
				C7554F9A2C4EADE7002A075B /* PythonKit */,
			);
			productName = VisionBasics;
			productReference = 285695282065D52E00EF208C /* VisionBasics.app */;
			productType = "com.apple.product-type.application";
		};
/* End PBXNativeTarget section */

/* Begin PBXProject section */
		285695202065D52E00EF208C /* Project object */ = {
			isa = PBXProject;
			attributes = {
				BuildIndependentTargetsInParallel = YES;
				LastSwiftUpdateCheck = 0920;
				LastUpgradeCheck = 1540;
				ORGANIZATIONNAME = Apple;
				TargetAttributes = {
					285695272065D52E00EF208C = {
						CreatedOnToolsVersion = 9.2;
						LastSwiftMigration = 1540;
						ProvisioningStyle = Automatic;
					};
				};
			};
			buildConfigurationList = 285695232065D52E00EF208C /* Build configuration list for PBXProject "VisionBasics" */;
			compatibilityVersion = "Xcode 8.0";
			developmentRegion = en;
			hasScannedForEncodings = 0;
			knownRegions = (
				en,
				Base,
			);
			mainGroup = 2856951F2065D52E00EF208C;
			packageReferences = (
				C7554F992C4EADE7002A075B /* XCRemoteSwiftPackageReference "PythonKit" */,
			);
			productRefGroup = 285695292065D52E00EF208C /* Products */;
			projectDirPath = "";
			projectRoot = "";
			targets = (
				285695272065D52E00EF208C /* VisionBasics */,
			);
		};
/* End PBXProject section */

/* Begin PBXResourcesBuildPhase section */
		285695262065D52E00EF208C /* Resources */ = {
			isa = PBXResourcesBuildPhase;
			buildActionMask = 2147483647;
			files = (
				285695362065D52F00EF208C /* LaunchScreen.storyboard in Resources */,
				285695332065D52F00EF208C /* Assets.xcassets in Resources */,
				288FF80E206DB2BC000932BA /* README.md in Resources */,
				C7B342A42C5402D8007C873A /* SceneKit Asset Catalog.scnassets in Resources */,
				285695312065D52F00EF208C /* Main.storyboard in Resources */,
			);
			runOnlyForDeploymentPostprocessing = 0;
		};
/* End PBXResourcesBuildPhase section */

/* Begin PBXSourcesBuildPhase section */
		285695242065D52E00EF208C /* Sources */ = {
			isa = PBXSourcesBuildPhase;
			buildActionMask = 2147483647;
			files = (
				C78474922C10F9DF00635F67 /* OpenCVWrapper.mm in Sources */,
				C78474912C10F9DF00635F67 /* CV.m in Sources */,
				28BD25A8208EA804005FA3FB /* Utilities.swift in Sources */,
				2856952E2065D52F00EF208C /* ViewController.swift in Sources */,
				2856952C2065D52F00EF208C /* AppDelegate.swift in Sources */,
			);
			runOnlyForDeploymentPostprocessing = 0;
		};
/* End PBXSourcesBuildPhase section */

/* Begin PBXVariantGroup section */
		2856952F2065D52F00EF208C /* Main.storyboard */ = {
			isa = PBXVariantGroup;
			children = (
				285695302065D52F00EF208C /* Base */,
			);
			name = Main.storyboard;
			sourceTree = "<group>";
		};
		285695342065D52F00EF208C /* LaunchScreen.storyboard */ = {
			isa = PBXVariantGroup;
			children = (
				285695352065D52F00EF208C /* Base */,
			);
			name = LaunchScreen.storyboard;
			sourceTree = "<group>";
		};
/* End PBXVariantGroup section */

/* Begin XCBuildConfiguration section */
		285695382065D52F00EF208C /* Debug */ = {
			isa = XCBuildConfiguration;
			baseConfigurationReference = 177A64375EDEE7E4932FD7AE /* SampleCode.xcconfig */;
			buildSettings = {
				ALWAYS_SEARCH_USER_PATHS = NO;
				CLANG_ANALYZER_NONNULL = YES;
				CLANG_ANALYZER_NUMBER_OBJECT_CONVERSION = YES_AGGRESSIVE;
				CLANG_CXX_LANGUAGE_STANDARD = "gnu++14";
				CLANG_CXX_LIBRARY = "libc++";
				CLANG_ENABLE_MODULES = YES;
				CLANG_ENABLE_OBJC_ARC = YES;
				CLANG_WARN_BLOCK_CAPTURE_AUTORELEASING = YES;
				CLANG_WARN_BOOL_CONVERSION = YES;
				CLANG_WARN_COMMA = YES;
				CLANG_WARN_CONSTANT_CONVERSION = YES;
				CLANG_WARN_DEPRECATED_OBJC_IMPLEMENTATIONS = YES;
				CLANG_WARN_DIRECT_OBJC_ISA_USAGE = YES_ERROR;
				CLANG_WARN_DOCUMENTATION_COMMENTS = YES;
				CLANG_WARN_EMPTY_BODY = YES;
				CLANG_WARN_ENUM_CONVERSION = YES;
				CLANG_WARN_INFINITE_RECURSION = YES;
				CLANG_WARN_INT_CONVERSION = YES;
				CLANG_WARN_NON_LITERAL_NULL_CONVERSION = YES;
				CLANG_WARN_OBJC_IMPLICIT_RETAIN_SELF = YES;
				CLANG_WARN_OBJC_LITERAL_CONVERSION = YES;
				CLANG_WARN_OBJC_ROOT_CLASS = YES_ERROR;
				CLANG_WARN_QUOTED_INCLUDE_IN_FRAMEWORK_HEADER = YES;
				CLANG_WARN_RANGE_LOOP_ANALYSIS = YES;
				CLANG_WARN_STRICT_PROTOTYPES = YES;
				CLANG_WARN_SUSPICIOUS_MOVE = YES;
				CLANG_WARN_UNGUARDED_AVAILABILITY = YES_AGGRESSIVE;
				CLANG_WARN_UNREACHABLE_CODE = YES;
				CLANG_WARN__DUPLICATE_METHOD_MATCH = YES;
				CODE_SIGN_IDENTITY = "iPhone Developer";
				COPY_PHASE_STRIP = NO;
				DEBUG_INFORMATION_FORMAT = dwarf;
				ENABLE_STRICT_OBJC_MSGSEND = YES;
				ENABLE_TESTABILITY = YES;
				ENABLE_USER_SCRIPT_SANDBOXING = YES;
				GCC_C_LANGUAGE_STANDARD = gnu11;
				GCC_DYNAMIC_NO_PIC = NO;
				GCC_NO_COMMON_BLOCKS = YES;
				GCC_OPTIMIZATION_LEVEL = 0;
				GCC_PREPROCESSOR_DEFINITIONS = (
					"DEBUG=1",
					"$(inherited)",
				);
				GCC_WARN_64_TO_32_BIT_CONVERSION = YES;
				GCC_WARN_ABOUT_RETURN_TYPE = YES_ERROR;
				GCC_WARN_UNDECLARED_SELECTOR = YES;
				GCC_WARN_UNINITIALIZED_AUTOS = YES_AGGRESSIVE;
				GCC_WARN_UNUSED_FUNCTION = YES;
				GCC_WARN_UNUSED_VARIABLE = YES;
				IPHONEOS_DEPLOYMENT_TARGET = 12.0;
				MTL_ENABLE_DEBUG_INFO = YES;
				ONLY_ACTIVE_ARCH = YES;
				SDKROOT = iphoneos;
				SWIFT_ACTIVE_COMPILATION_CONDITIONS = DEBUG;
				SWIFT_OPTIMIZATION_LEVEL = "-Onone";
			};
			name = Debug;
		};
		285695392065D52F00EF208C /* Release */ = {
			isa = XCBuildConfiguration;
			baseConfigurationReference = 177A64375EDEE7E4932FD7AE /* SampleCode.xcconfig */;
			buildSettings = {
				ALWAYS_SEARCH_USER_PATHS = NO;
				CLANG_ANALYZER_NONNULL = YES;
				CLANG_ANALYZER_NUMBER_OBJECT_CONVERSION = YES_AGGRESSIVE;
				CLANG_CXX_LANGUAGE_STANDARD = "gnu++14";
				CLANG_CXX_LIBRARY = "libc++";
				CLANG_ENABLE_MODULES = YES;
				CLANG_ENABLE_OBJC_ARC = YES;
				CLANG_WARN_BLOCK_CAPTURE_AUTORELEASING = YES;
				CLANG_WARN_BOOL_CONVERSION = YES;
				CLANG_WARN_COMMA = YES;
				CLANG_WARN_CONSTANT_CONVERSION = YES;
				CLANG_WARN_DEPRECATED_OBJC_IMPLEMENTATIONS = YES;
				CLANG_WARN_DIRECT_OBJC_ISA_USAGE = YES_ERROR;
				CLANG_WARN_DOCUMENTATION_COMMENTS = YES;
				CLANG_WARN_EMPTY_BODY = YES;
				CLANG_WARN_ENUM_CONVERSION = YES;
				CLANG_WARN_INFINITE_RECURSION = YES;
				CLANG_WARN_INT_CONVERSION = YES;
				CLANG_WARN_NON_LITERAL_NULL_CONVERSION = YES;
				CLANG_WARN_OBJC_IMPLICIT_RETAIN_SELF = YES;
				CLANG_WARN_OBJC_LITERAL_CONVERSION = YES;
				CLANG_WARN_OBJC_ROOT_CLASS = YES_ERROR;
				CLANG_WARN_QUOTED_INCLUDE_IN_FRAMEWORK_HEADER = YES;
				CLANG_WARN_RANGE_LOOP_ANALYSIS = YES;
				CLANG_WARN_STRICT_PROTOTYPES = YES;
				CLANG_WARN_SUSPICIOUS_MOVE = YES;
				CLANG_WARN_UNGUARDED_AVAILABILITY = YES_AGGRESSIVE;
				CLANG_WARN_UNREACHABLE_CODE = YES;
				CLANG_WARN__DUPLICATE_METHOD_MATCH = YES;
				CODE_SIGN_IDENTITY = "iPhone Developer";
				COPY_PHASE_STRIP = NO;
				DEBUG_INFORMATION_FORMAT = "dwarf-with-dsym";
				ENABLE_NS_ASSERTIONS = NO;
				ENABLE_STRICT_OBJC_MSGSEND = YES;
				ENABLE_USER_SCRIPT_SANDBOXING = YES;
				GCC_C_LANGUAGE_STANDARD = gnu11;
				GCC_NO_COMMON_BLOCKS = YES;
				GCC_WARN_64_TO_32_BIT_CONVERSION = YES;
				GCC_WARN_ABOUT_RETURN_TYPE = YES_ERROR;
				GCC_WARN_UNDECLARED_SELECTOR = YES;
				GCC_WARN_UNINITIALIZED_AUTOS = YES_AGGRESSIVE;
				GCC_WARN_UNUSED_FUNCTION = YES;
				GCC_WARN_UNUSED_VARIABLE = YES;
				IPHONEOS_DEPLOYMENT_TARGET = 12.0;
				MTL_ENABLE_DEBUG_INFO = NO;
				SDKROOT = iphoneos;
				SWIFT_COMPILATION_MODE = wholemodule;
				SWIFT_OPTIMIZATION_LEVEL = "-O";
				VALIDATE_PRODUCT = YES;
			};
			name = Release;
		};
		2856953B2065D52F00EF208C /* Debug */ = {
			isa = XCBuildConfiguration;
			baseConfigurationReference = 177A64375EDEE7E4932FD7AE /* SampleCode.xcconfig */;
			buildSettings = {
				ASSETCATALOG_COMPILER_APPICON_NAME = AppIcon;
				CLANG_ENABLE_MODULES = YES;
				CODE_SIGN_STYLE = Automatic;
				DEVELOPMENT_TEAM = F8TT9N852B;
				FRAMEWORK_SEARCH_PATHS = (
					"$(inherited)",
					"$(PROJECT_DIR)",
				);
				GCC_PREFIX_HEADER = "$(SRCROOT)/PrefixHeader.pch";
				INFOPLIST_FILE = VisionBasics/Info.plist;
				IPHONEOS_DEPLOYMENT_TARGET = 17.0;
				LD_RUNPATH_SEARCH_PATHS = (
					"$(inherited)",
					"@executable_path/Frameworks",
				);
				PRODUCT_BUNDLE_IDENTIFIER = "com.example.apple-samplecode.VisionBasics${SAMPLE_CODE_DISAMBIGUATOR}";
				PRODUCT_NAME = "$(TARGET_NAME)";
				PROVISIONING_PROFILE_SPECIFIER = "";
				SWIFT_OBJC_BRIDGING_HEADER = "VisionBasics/VisionBasics-Bridging-Header.h";
				SWIFT_OBJC_INTEROP_MODE = objcxx;
				SWIFT_OPTIMIZATION_LEVEL = "-Onone";
				SWIFT_PRECOMPILE_BRIDGING_HEADER = NO;
				SWIFT_VERSION = 5.0;
				TARGETED_DEVICE_FAMILY = "1,2";
			};
			name = Debug;
		};
		2856953C2065D52F00EF208C /* Release */ = {
			isa = XCBuildConfiguration;
			baseConfigurationReference = 177A64375EDEE7E4932FD7AE /* SampleCode.xcconfig */;
			buildSettings = {
				ASSETCATALOG_COMPILER_APPICON_NAME = AppIcon;
				CLANG_ENABLE_MODULES = YES;
				CODE_SIGN_STYLE = Automatic;
				DEVELOPMENT_TEAM = F8TT9N852B;
				FRAMEWORK_SEARCH_PATHS = (
					"$(inherited)",
					"$(PROJECT_DIR)",
				);
				GCC_PREFIX_HEADER = "$(SRCROOT)/PrefixHeader.pch";
				INFOPLIST_FILE = VisionBasics/Info.plist;
				IPHONEOS_DEPLOYMENT_TARGET = 17.0;
				LD_RUNPATH_SEARCH_PATHS = (
					"$(inherited)",
					"@executable_path/Frameworks",
				);
				PRODUCT_BUNDLE_IDENTIFIER = "com.example.apple-samplecode.VisionBasics${SAMPLE_CODE_DISAMBIGUATOR}";
				PRODUCT_NAME = "$(TARGET_NAME)";
				PROVISIONING_PROFILE_SPECIFIER = "";
				SWIFT_OBJC_BRIDGING_HEADER = "VisionBasics/VisionBasics-Bridging-Header.h";
				SWIFT_OBJC_INTEROP_MODE = objcxx;
				SWIFT_PRECOMPILE_BRIDGING_HEADER = NO;
				SWIFT_VERSION = 5.0;
				TARGETED_DEVICE_FAMILY = "1,2";
			};
			name = Release;
		};
/* End XCBuildConfiguration section */

/* Begin XCConfigurationList section */
		285695232065D52E00EF208C /* Build configuration list for PBXProject "VisionBasics" */ = {
			isa = XCConfigurationList;
			buildConfigurations = (
				285695382065D52F00EF208C /* Debug */,
				285695392065D52F00EF208C /* Release */,
			);
			defaultConfigurationIsVisible = 0;
			defaultConfigurationName = Release;
		};
		2856953A2065D52F00EF208C /* Build configuration list for PBXNativeTarget "VisionBasics" */ = {
			isa = XCConfigurationList;
			buildConfigurations = (
				2856953B2065D52F00EF208C /* Debug */,
				2856953C2065D52F00EF208C /* Release */,
			);
			defaultConfigurationIsVisible = 0;
			defaultConfigurationName = Release;
		};
/* End XCConfigurationList section */

/* Begin XCRemoteSwiftPackageReference section */
		C7554F992C4EADE7002A075B /* XCRemoteSwiftPackageReference "PythonKit" */ = {
			isa = XCRemoteSwiftPackageReference;
			repositoryURL = "https://github.com/pvieito/PythonKit.git";
			requirement = {
				branch = master;
				kind = branch;
			};
		};
/* End XCRemoteSwiftPackageReference section */

/* Begin XCSwiftPackageProductDependency section */
		C7554F9A2C4EADE7002A075B /* PythonKit */ = {
			isa = XCSwiftPackageProductDependency;
			package = C7554F992C4EADE7002A075B /* XCRemoteSwiftPackageReference "PythonKit" */;
			productName = PythonKit;
		};
/* End XCSwiftPackageProductDependency section */
	};
	rootObject = 285695202065D52E00EF208C /* Project object */;
}
